{
  "version": 4,
  "terraform_version": "1.9.2",
  "serial": 23,
  "lineage": "e3d24983-c73f-8423-7cfa-37d2ce0a9f3d",
  "outputs": {
    "account_id": {
      "value": "427509263767",
      "type": "string"
    }
  },
  "resources": [
    {
      "mode": "data",
      "type": "aws_caller_identity",
      "name": "current",
      "provider": "provider[\"registry.terraform.io/hashicorp/aws\"]",
      "instances": [
        {
          "schema_version": 0,
          "attributes": {
            "account_id": "427509263767",
            "arn": "arn:aws:sts::427509263767:assumed-role/ADFS-DevOpsAdmin/shubhams@legal.regn.net",
            "id": "427509263767",
            "user_id": "AROAIF2NUJOROZFXZPNJ6:shubhams@legal.regn.net"
          },
          "sensitive_attributes": []
        }
      ]
    },
    {
      "mode": "data",
      "type": "aws_eks_cluster",
      "name": "cluster",
      "provider": "provider[\"registry.terraform.io/hashicorp/aws\"]",
      "instances": [
        {
          "schema_version": 0,
          "attributes": {
            "access_config": [
              {
                "authentication_mode": "CONFIG_MAP",
                "bootstrap_cluster_creator_admin_permissions": true
              }
            ],
            "arn": "arn:aws:eks:us-east-1:427509263767:cluster/hr-dev-eksdemo",
            "certificate_authority": [
              {
                "data": "LS0tLS1CRUdJTiBDRVJUSUZJQ0FURS0tLS0tCk1JSURCVENDQWUyZ0F3SUJBZ0lJRStsYVY0QVZPQ1l3RFFZSktvWklodmNOQVFFTEJRQXdGVEVUTUJFR0ExVUUKQXhNS2EzVmlaWEp1WlhSbGN6QWVGdzB5TkRBMk1qRXlNRFU0TXpaYUZ3MHpOREEyTVRreU1UQXpNelphTUJVeApFekFSQmdOVkJBTVRDbXQxWW1WeWJtVjBaWE13Z2dFaU1BMEdDU3FHU0liM0RRRUJBUVVBQTRJQkR3QXdnZ0VLCkFvSUJBUURTRCtveXdWM0JlcC9rN0h4bjFqZi9qK3VxSDJqSjFybVRQVUU0YUdqUUpSeUoxUkNwZ3gwakRZdlIKajlHczdGT2JnRlpDS2xKaVRnWHRmUzNHS3J3OVhZWEZCYmdHYjJsYmM4ZWNHUlg3TllDQ1FzbCtwdGJEQll6YwpQYjJ6T3ZiclhSUFk0OEgrQTB4QWluNGtlYUlhUnVETmdPL2srSjZIVXdURDJtUlZMeW13K2s0ODQ3THlxcHE4CjlrbkUxZlpCc2orUzNlb0RzZVl6RXJxellMUmhXc3ozUjZyL3JPNEx3andFWTVQYWVGSjlEa29OVmJEMGlZT2wKc2dZdTQrTEEyU3pNN1ZCcmxBMHN0NFFzT0xaS1JqZXNqSWJMNHNtbVRDZDQ1cXhOc0xmaVM4SG5OUUJ4RjZPaQpycUUzQXplcnlBRmM3a0Q3OHZ1SWJlSXBVRnZuQWdNQkFBR2pXVEJYTUE0R0ExVWREd0VCL3dRRUF3SUNwREFQCkJnTlZIUk1CQWY4RUJUQURBUUgvTUIwR0ExVWREZ1FXQkJSTE93SDArWW9yWGNVWGQ4RVhscysxbW1PTGh6QVYKQmdOVkhSRUVEakFNZ2dwcmRXSmxjbTVsZEdWek1BMEdDU3FHU0liM0RRRUJDd1VBQTRJQkFRQm1yc05YZG1uMgpqaWJReERtaWRoWEc4Y1lBb3A1K0hobDJsS0RKOGZKRmpuVXNpNWtTbG1WK00rK29GeDFYT3N4R3k3ZmVPaTl4CnJESXV6TVo2c01Za0ltWDFhaXdwTEV5Z0ZvZUZBZzByMEhrYWdtQ29iMDg4bmpTUE4vbTVvRUl5Qks5K3FLZWsKRHdZQnFFLzd3YWV6bU9hbkhrY25ZMmFvQ3FMRkVTZjVEaWwydlM3ck1iYmVQRlMwVitpUFdBMENZZEhKUFViVwpnSnR0SlZyeUNSUFJjSzBzRUwzUUFjaWsrTFRqNURPRlplMEFjK0xaQ1FYd0tPZXc1ZGw4OW1nQ3BUNDUzSmc4CjI5ellDQWVKdzhuMjB6ME5wbHBCRndBaEl0cEZaTlJJQllITnV2OXNtNTBneHRndit4R3RLaVRvb2JBL3dOVGIKT0V2TzkyOVlFbVg5Ci0tLS0tRU5EIENFUlRJRklDQVRFLS0tLS0K"
              }
            ],
            "cluster_id": null,
            "created_at": "2024-06-21 20:58:20.351 +0000 UTC",
            "enabled_cluster_log_types": [
              "api",
              "audit",
              "authenticator",
              "controllerManager",
              "scheduler"
            ],
            "endpoint": "https://B1FDBE56A13AEF4F829D33711DAEAFF4.gr7.us-east-1.eks.amazonaws.com",
            "id": "hr-dev-eksdemo",
            "identity": [
              {
                "oidc": [
                  {
                    "issuer": "https://oidc.eks.us-east-1.amazonaws.com/id/B1FDBE56A13AEF4F829D33711DAEAFF4"
                  }
                ]
              }
            ],
            "kubernetes_network_config": [
              {
                "ip_family": "ipv4",
                "service_ipv4_cidr": "172.20.0.0/16",
                "service_ipv6_cidr": ""
              }
            ],
            "name": "hr-dev-eksdemo",
            "outpost_config": [],
            "platform_version": "eks.13",
            "role_arn": "arn:aws:iam::427509263767:role/hr-dev-eks-master-role",
            "status": "ACTIVE",
            "tags": {},
            "version": "1.28",
            "vpc_config": [
              {
                "cluster_security_group_id": "sg-073505697acddadb2",
                "endpoint_private_access": false,
                "endpoint_public_access": true,
                "public_access_cidrs": [
                  "0.0.0.0/0"
                ],
                "security_group_ids": [],
                "subnet_ids": [
                  "subnet-085f1d450eba702b4",
                  "subnet-0a5165d88577a9b17"
                ],
                "vpc_id": "vpc-0ae710b1f3d68a191"
              }
            ]
          },
          "sensitive_attributes": []
        }
      ]
    },
    {
      "mode": "data",
      "type": "aws_eks_cluster_auth",
      "name": "cluster",
      "provider": "provider[\"registry.terraform.io/hashicorp/aws\"]",
      "instances": [
        {
          "schema_version": 0,
          "attributes": {
            "id": "hr-dev-eksdemo",
            "name": "hr-dev-eksdemo",
            "token": "k8s-aws-v1.aHR0cHM6Ly9zdHMudXMtZWFzdC0xLmFtYXpvbmF3cy5jb20vP0FjdGlvbj1HZXRDYWxsZXJJZGVudGl0eSZWZXJzaW9uPTIwMTEtMDYtMTUmWC1BbXotQWxnb3JpdGhtPUFXUzQtSE1BQy1TSEEyNTYmWC1BbXotQ3JlZGVudGlhbD1BU0lBV0hDTUpWV0xZTkpQU1hIRiUyRjIwMjQwNzE4JTJGdXMtZWFzdC0xJTJGc3RzJTJGYXdzNF9yZXF1ZXN0JlgtQW16LURhdGU9MjAyNDA3MThUMjAyMjIzWiZYLUFtei1FeHBpcmVzPTAmWC1BbXotU2VjdXJpdHktVG9rZW49RndvR1pYSXZZWGR6RUZVYURMUEZvUzQlMkJPQ0hnTm9xbk5DTHRBYlVoQTFtM0gzTW56bmNWQ2I0NElYM0Y4dzZ2cSUyRlNkNGRUOHdSS0twTGdtZ0Z2RTRHbElQQnZGTGV6QzUlMkZ5b2tmcU1sTHdhZ0ZLWHh1NHV0bCUyQkRWQWpBSVZwUlVSNGZERTRNa2ZETXljRGhOMk01R0wlMkZHRFVxRU9ZdnF2OU9naHZxWXg5bDlxaTE1cUdPJTJGU1liNDlGbFExWE1VJTJCOU1VbmpKTWxmalZzaExpWGxKOEpWVW1VbVRNWlV3VGRoZEs4Wm9jenVINDQ3Tm9nU0NsRUZSVTJsMjV0bWp3aXppbXRqZmwyRFlNdThKRkE3cU9xR2M0TlI4cnY1WGVMNUp0cUNFVzNxVkoxZDJJNUhiV3Q5ZVRKNTNaY3dWNWNrZTJkeTRZOUFaT3BmNXljWXNSSUxJUFdZcWN4SmtERENpVzZlVzBCakpCdkJCa1ROaGJyeU45N1VSaTZMNjglMkZxanJrYWRjdUFGZVdHbW5oT3c4ckJHT3MlMkJra2g2Qm14ZERyUWtoYlM5eGpDeENHbDNFc2pFbFlKbGd0R1NmUmJlayUzRCZYLUFtei1TaWduZWRIZWFkZXJzPWhvc3QlM0J4LWs4cy1hd3MtaWQmWC1BbXotU2lnbmF0dXJlPWFlMjY1NjNlNWY5NDM3NDk3NzI0NjUyYWU1NTkxNDkyNjFkOGQxNjg2ZTBlOTUwMDc3NWQ5OTg3NjUxMDdjMTU"
          },
          "sensitive_attributes": [
            [
              {
                "type": "get_attr",
                "value": "token"
              }
            ]
          ]
        }
      ]
    },
    {
      "mode": "data",
      "type": "terraform_remote_state",
      "name": "eks",
      "provider": "provider[\"terraform.io/builtin/terraform\"]",
      "instances": [
        {
          "schema_version": 0,
          "attributes": {
            "backend": "s3",
            "config": {
              "value": {
                "bucket": "terraform-on-aws-eks-shubhams",
                "key": "dev/eks-cluster/terraform.tfstate",
                "region": "us-east-1"
              },
              "type": [
                "object",
                {
                  "bucket": "string",
                  "key": "string",
                  "region": "string"
                }
              ]
            },
            "defaults": null,
            "outputs": {
              "value": {
                "aws_iam_openid_connect_provider_arn": "arn:aws:iam::427509263767:oidc-provider/oidc.eks.us-east-1.amazonaws.com/id/B1FDBE56A13AEF4F829D33711DAEAFF4",
                "aws_iam_openid_connect_provider_extract_from_arn": "oidc.eks.us-east-1.amazonaws.com/id/B1FDBE56A13AEF4F829D33711DAEAFF4",
                "azs": [
                  "us-east-1a",
                  "us-east-1b",
                  "us-east-1c",
                  "us-east-1d",
                  "us-east-1e",
                  "us-east-1f"
                ],
                "cluster_arn": "arn:aws:eks:us-east-1:427509263767:cluster/hr-dev-eksdemo",
                "cluster_certificate_authority_data": "LS0tLS1CRUdJTiBDRVJUSUZJQ0FURS0tLS0tCk1JSURCVENDQWUyZ0F3SUJBZ0lJRStsYVY0QVZPQ1l3RFFZSktvWklodmNOQVFFTEJRQXdGVEVUTUJFR0ExVUUKQXhNS2EzVmlaWEp1WlhSbGN6QWVGdzB5TkRBMk1qRXlNRFU0TXpaYUZ3MHpOREEyTVRreU1UQXpNelphTUJVeApFekFSQmdOVkJBTVRDbXQxWW1WeWJtVjBaWE13Z2dFaU1BMEdDU3FHU0liM0RRRUJBUVVBQTRJQkR3QXdnZ0VLCkFvSUJBUURTRCtveXdWM0JlcC9rN0h4bjFqZi9qK3VxSDJqSjFybVRQVUU0YUdqUUpSeUoxUkNwZ3gwakRZdlIKajlHczdGT2JnRlpDS2xKaVRnWHRmUzNHS3J3OVhZWEZCYmdHYjJsYmM4ZWNHUlg3TllDQ1FzbCtwdGJEQll6YwpQYjJ6T3ZiclhSUFk0OEgrQTB4QWluNGtlYUlhUnVETmdPL2srSjZIVXdURDJtUlZMeW13K2s0ODQ3THlxcHE4CjlrbkUxZlpCc2orUzNlb0RzZVl6RXJxellMUmhXc3ozUjZyL3JPNEx3andFWTVQYWVGSjlEa29OVmJEMGlZT2wKc2dZdTQrTEEyU3pNN1ZCcmxBMHN0NFFzT0xaS1JqZXNqSWJMNHNtbVRDZDQ1cXhOc0xmaVM4SG5OUUJ4RjZPaQpycUUzQXplcnlBRmM3a0Q3OHZ1SWJlSXBVRnZuQWdNQkFBR2pXVEJYTUE0R0ExVWREd0VCL3dRRUF3SUNwREFQCkJnTlZIUk1CQWY4RUJUQURBUUgvTUIwR0ExVWREZ1FXQkJSTE93SDArWW9yWGNVWGQ4RVhscysxbW1PTGh6QVYKQmdOVkhSRUVEakFNZ2dwcmRXSmxjbTVsZEdWek1BMEdDU3FHU0liM0RRRUJDd1VBQTRJQkFRQm1yc05YZG1uMgpqaWJReERtaWRoWEc4Y1lBb3A1K0hobDJsS0RKOGZKRmpuVXNpNWtTbG1WK00rK29GeDFYT3N4R3k3ZmVPaTl4CnJESXV6TVo2c01Za0ltWDFhaXdwTEV5Z0ZvZUZBZzByMEhrYWdtQ29iMDg4bmpTUE4vbTVvRUl5Qks5K3FLZWsKRHdZQnFFLzd3YWV6bU9hbkhrY25ZMmFvQ3FMRkVTZjVEaWwydlM3ck1iYmVQRlMwVitpUFdBMENZZEhKUFViVwpnSnR0SlZyeUNSUFJjSzBzRUwzUUFjaWsrTFRqNURPRlplMEFjK0xaQ1FYd0tPZXc1ZGw4OW1nQ3BUNDUzSmc4CjI5ellDQWVKdzhuMjB6ME5wbHBCRndBaEl0cEZaTlJJQllITnV2OXNtNTBneHRndit4R3RLaVRvb2JBL3dOVGIKT0V2TzkyOVlFbVg5Ci0tLS0tRU5EIENFUlRJRklDQVRFLS0tLS0K",
                "cluster_endpoint": "https://B1FDBE56A13AEF4F829D33711DAEAFF4.gr7.us-east-1.eks.amazonaws.com",
                "cluster_iam_role_arn": "arn:aws:iam::427509263767:role/hr-dev-eks-master-role",
                "cluster_iam_role_name": "hr-dev-eks-master-role",
                "cluster_id": "hr-dev-eksdemo",
                "cluster_oidc_issuer_url": "https://oidc.eks.us-east-1.amazonaws.com/id/B1FDBE56A13AEF4F829D33711DAEAFF4",
                "cluster_primary_security_group_id": "sg-073505697acddadb2",
                "cluster_security_group_id": [
                  []
                ],
                "cluster_version": "1.28",
                "ec2_bastion_eip": "34.202.147.17",
                "ec2_bastion_public_instance_ids": "i-05eb8deb7812b4ce4",
                "nat_public_ips": [
                  "3.230.191.24"
                ],
                "node_group_private_arn": "arn:aws:eks:us-east-1:427509263767:nodegroup/hr-dev-eksdemo/hr-dev-eks-ng-private/5ac81e50-3eaf-83dc-5ad8-4f9d67a4be71",
                "node_group_private_id": "hr-dev-eksdemo:hr-dev-eks-ng-private",
                "node_group_private_status": "ACTIVE",
                "node_group_private_version": "1.28",
                "node_group_public_arn": "arn:aws:eks:us-east-1:427509263767:nodegroup/hr-dev-eksdemo/hr-dev-eks-ng-public/08c81e50-3eaf-d8b5-a4c1-fbe67a2d5c91",
                "node_group_public_id": "hr-dev-eksdemo:hr-dev-eks-ng-public",
                "node_group_public_status": "ACTIVE",
                "node_group_public_version": "1.28",
                "private_subnets": [
                  "subnet-094094490f6ed601c",
                  "subnet-0774cc097a287d056"
                ],
                "public_subnets": [
                  "subnet-085f1d450eba702b4",
                  "subnet-0a5165d88577a9b17"
                ],
                "vpc_cidr_block": "10.0.0.0/16",
                "vpc_id": "vpc-0ae710b1f3d68a191"
              },
              "type": [
                "object",
                {
                  "aws_iam_openid_connect_provider_arn": "string",
                  "aws_iam_openid_connect_provider_extract_from_arn": "string",
                  "azs": [
                    "list",
                    "string"
                  ],
                  "cluster_arn": "string",
                  "cluster_certificate_authority_data": "string",
                  "cluster_endpoint": "string",
                  "cluster_iam_role_arn": "string",
                  "cluster_iam_role_name": "string",
                  "cluster_id": "string",
                  "cluster_oidc_issuer_url": "string",
                  "cluster_primary_security_group_id": "string",
                  "cluster_security_group_id": [
                    "tuple",
                    [
                      [
                        "set",
                        "string"
                      ]
                    ]
                  ],
                  "cluster_version": "string",
                  "ec2_bastion_eip": "string",
                  "ec2_bastion_public_instance_ids": "string",
                  "nat_public_ips": [
                    "list",
                    "string"
                  ],
                  "node_group_private_arn": "string",
                  "node_group_private_id": "string",
                  "node_group_private_status": "string",
                  "node_group_private_version": "string",
                  "node_group_public_arn": "string",
                  "node_group_public_id": "string",
                  "node_group_public_status": "string",
                  "node_group_public_version": "string",
                  "private_subnets": [
                    "tuple",
                    [
                      "string",
                      "string"
                    ]
                  ],
                  "public_subnets": [
                    "tuple",
                    [
                      "string",
                      "string"
                    ]
                  ],
                  "vpc_cidr_block": "string",
                  "vpc_id": "string"
                }
              ]
            },
            "workspace": null
          },
          "sensitive_attributes": []
        }
      ]
    },
    {
      "mode": "managed",
      "type": "aws_iam_group",
      "name": "eksreadonly_iam_group",
      "provider": "provider[\"registry.terraform.io/hashicorp/aws\"]",
      "instances": [
        {
          "schema_version": 0,
          "attributes": {
            "arn": "arn:aws:iam::427509263767:group/hr-dev-eksreadonly",
            "id": "hr-dev-eksreadonly",
            "name": "hr-dev-eksreadonly",
            "path": "/",
            "unique_id": "AGPAWHCMJVWL4TSE76MIH"
          },
          "sensitive_attributes": [],
          "private": "bnVsbA=="
        }
      ]
    },
    {
      "mode": "managed",
      "type": "aws_iam_group_membership",
      "name": "eksreadonly",
      "provider": "provider[\"registry.terraform.io/hashicorp/aws\"]",
      "instances": [
        {
          "schema_version": 0,
          "attributes": {
            "group": "hr-dev-eksreadonly",
            "id": "hr-dev-eksreadonly-group-membership",
            "name": "hr-dev-eksreadonly-group-membership",
            "users": [
              "hr-dev-eksreadonly1"
            ]
          },
          "sensitive_attributes": [],
          "private": "bnVsbA==",
          "dependencies": [
            "aws_iam_group.eksreadonly_iam_group",
            "aws_iam_user.eksreadonly_user"
          ]
        }
      ]
    },
    {
      "mode": "managed",
      "type": "aws_iam_group_policy",
      "name": "eksreadonly_iam_group_assumerole_policy",
      "provider": "provider[\"registry.terraform.io/hashicorp/aws\"]",
      "instances": [
        {
          "schema_version": 0,
          "attributes": {
            "group": "hr-dev-eksreadonly",
            "id": "hr-dev-eksreadonly:hr-dev-eksreadonly-group-policy",
            "name": "hr-dev-eksreadonly-group-policy",
            "name_prefix": "",
            "policy": "{\"Version\":\"2012-10-17\",\"Statement\":[{\"Action\":[\"sts:AssumeRole\"],\"Effect\":\"Allow\",\"Resource\":\"arn:aws:iam::427509263767:role/hr-dev-eks-readonly-role\",\"Sid\":\"AllowAssumeOrganizationAccountRole\"}]}"
          },
          "sensitive_attributes": [],
          "private": "bnVsbA==",
          "dependencies": [
            "aws_iam_group.eksreadonly_iam_group",
            "aws_iam_role.eks_readonly_role",
            "data.aws_caller_identity.current"
          ]
        }
      ]
    },
    {
      "mode": "managed",
      "type": "aws_iam_role",
      "name": "eks_readonly_role",
      "provider": "provider[\"registry.terraform.io/hashicorp/aws\"]",
      "instances": [
        {
          "schema_version": 0,
          "attributes": {
            "arn": "arn:aws:iam::427509263767:role/hr-dev-eks-readonly-role",
            "assume_role_policy": "{\"Statement\":[{\"Action\":\"sts:AssumeRole\",\"Effect\":\"Allow\",\"Principal\":{\"AWS\":\"arn:aws:iam::427509263767:root\"},\"Sid\":\"\"}],\"Version\":\"2012-10-17\"}",
            "create_date": "2024-07-18T18:06:11Z",
            "description": "",
            "force_detach_policies": false,
            "id": "hr-dev-eks-readonly-role",
            "inline_policy": [
              {
                "name": "eks-readonly-access-policy",
                "policy": "{\"Version\":\"2012-10-17\",\"Statement\":[{\"Action\":[\"iam:ListRoles\",\"ssm:GetParameter\",\"eks:DescribeNodegroup\",\"eks:ListNodegroups\",\"eks:DescribeCluster\",\"eks:ListClusters\",\"eks:AccessKubernetesApi\",\"eks:ListUpdates\",\"eks:ListFargateProfiles\",\"eks:ListIdentityProviderConfigs\",\"eks:ListAddons\",\"eks:DescribeAddonVersions\"],\"Effect\":\"Allow\",\"Resource\":\"*\"}]}"
              }
            ],
            "managed_policy_arns": [],
            "max_session_duration": 3600,
            "name": "hr-dev-eks-readonly-role",
            "name_prefix": "",
            "path": "/",
            "permissions_boundary": "",
            "tags": {
              "environment": "dev",
              "owners": "hr",
              "username": "shubhams"
            },
            "tags_all": {
              "environment": "dev",
              "owners": "hr",
              "username": "shubhams"
            },
            "unique_id": "AROAWHCMJVWLZJISVIRJD"
          },
          "sensitive_attributes": [],
          "private": "bnVsbA==",
          "dependencies": [
            "data.aws_caller_identity.current"
          ]
        }
      ]
    },
    {
      "mode": "managed",
      "type": "aws_iam_user",
      "name": "eksreadonly_user",
      "provider": "provider[\"registry.terraform.io/hashicorp/aws\"]",
      "instances": [
        {
          "schema_version": 0,
          "attributes": {
            "arn": "arn:aws:iam::427509263767:user/hr-dev-eksreadonly1",
            "force_destroy": true,
            "id": "hr-dev-eksreadonly1",
            "name": "hr-dev-eksreadonly1",
            "path": "/",
            "permissions_boundary": "",
            "tags": {
              "environment": "dev",
              "owners": "hr",
              "username": "shubhams"
            },
            "tags_all": {
              "environment": "dev",
              "owners": "hr",
              "username": "shubhams"
            },
            "unique_id": "AIDAWHCMJVWLZO5O5DRUG"
          },
          "sensitive_attributes": [],
          "private": "bnVsbA=="
        }
      ]
    },
    {
      "mode": "managed",
      "type": "kubernetes_cluster_role_binding_v1",
      "name": "eksreadonly_clusterrolebinding",
      "provider": "provider[\"registry.terraform.io/hashicorp/kubernetes\"]",
      "instances": [
        {
          "schema_version": 0,
          "attributes": {
            "id": "hr-dev-eksreadonly-clusterrolebinding",
            "metadata": [
              {
                "annotations": {},
                "generate_name": "",
                "generation": 0,
                "labels": {},
                "name": "hr-dev-eksreadonly-clusterrolebinding",
                "resource_version": "8045110",
                "uid": "7e965797-1c53-4b4d-868b-9d5179d81c8f"
              }
            ],
            "role_ref": [
              {
                "api_group": "rbac.authorization.k8s.io",
                "kind": "ClusterRole",
                "name": "hr-dev-eksreadonly-clusterrole"
              }
            ],
            "subject": [
              {
                "api_group": "rbac.authorization.k8s.io",
                "kind": "Group",
                "name": "eks-readonly-group",
                "namespace": "default"
              }
            ]
          },
          "sensitive_attributes": [],
          "private": "bnVsbA==",
          "dependencies": [
            "data.aws_eks_cluster_auth.cluster",
            "data.terraform_remote_state.eks",
            "kubernetes_cluster_role_v1.eksreadonly_clusterrole"
          ]
        }
      ]
    },
    {
      "mode": "managed",
      "type": "kubernetes_cluster_role_v1",
      "name": "eksreadonly_clusterrole",
      "provider": "provider[\"registry.terraform.io/hashicorp/kubernetes\"]",
      "instances": [
        {
          "schema_version": 0,
          "attributes": {
            "aggregation_rule": [],
            "id": "hr-dev-eksreadonly-clusterrole",
            "metadata": [
              {
                "annotations": {},
                "generate_name": "",
                "generation": 0,
                "labels": {},
                "name": "hr-dev-eksreadonly-clusterrole",
                "resource_version": "8045109",
                "uid": "bed58a34-e452-493a-a56d-35a9dff0023c"
              }
            ],
            "rule": [
              {
                "api_groups": [
                  ""
                ],
                "non_resource_urls": [],
                "resource_names": [],
                "resources": [
                  "nodes",
                  "namespaces",
                  "pods",
                  "events",
                  "services"
                ],
                "verbs": [
                  "get",
                  "list"
                ]
              },
              {
                "api_groups": [
                  "apps"
                ],
                "non_resource_urls": [],
                "resource_names": [],
                "resources": [
                  "deployments",
                  "daemonsets",
                  "statefulsets",
                  "replicasets"
                ],
                "verbs": [
                  "get",
                  "list"
                ]
              },
              {
                "api_groups": [
                  "batch"
                ],
                "non_resource_urls": [],
                "resource_names": [],
                "resources": [
                  "jobs"
                ],
                "verbs": [
                  "get",
                  "list"
                ]
              }
            ]
          },
          "sensitive_attributes": [],
          "private": "bnVsbA==",
          "dependencies": [
            "data.aws_eks_cluster_auth.cluster",
            "data.terraform_remote_state.eks"
          ]
        }
      ]
    },
    {
      "mode": "managed",
      "type": "kubernetes_config_map_v1",
      "name": "aws_auth",
      "provider": "provider[\"registry.terraform.io/hashicorp/kubernetes\"]",
      "instances": [
        {
          "schema_version": 0,
          "attributes": {
            "binary_data": {},
            "data": {
              "mapRoles": "- \"groups\":\n  - \"system:bootstrappers\"\n  - \"system:nodes\"\n  \"rolearn\": \"arn:aws:iam::427509263767:role/hr-dev-eks-nodegroup-role\"\n  \"username\": \"system:node:{{EC2PrivateDNSName}}\"\n- \"groups\":\n  - \"eks-readonly-group\"\n  \"rolearn\": \"arn:aws:iam::427509263767:role/hr-dev-eks-readonly-role\"\n  \"username\": \"eks-readonly\"\n"
            },
            "id": "kube-system/aws-auth",
            "immutable": false,
            "metadata": [
              {
                "annotations": {},
                "generate_name": "",
                "generation": 0,
                "labels": {},
                "name": "aws-auth",
                "namespace": "kube-system",
                "resource_version": "8047278",
                "uid": "81a1d67e-4296-42c0-bac4-6e769be7741c"
              }
            ]
          },
          "sensitive_attributes": [],
          "private": "bnVsbA==",
          "dependencies": [
            "aws_iam_role.eks_readonly_role",
            "data.aws_caller_identity.current",
            "data.aws_eks_cluster_auth.cluster",
            "data.terraform_remote_state.eks",
            "kubernetes_cluster_role_binding_v1.eksreadonly_clusterrolebinding",
            "kubernetes_cluster_role_v1.eksreadonly_clusterrole"
          ]
        }
      ]
    }
  ],
  "check_results": null
}
