{
  "version": 4,
  "terraform_version": "1.9.2",
  "serial": 4,
  "lineage": "06414ae8-ef67-7630-e19b-67d7c3549fe4",
  "outputs": {
    "fargate_profile_arn": {
      "value": "arn:aws:eks:us-east-1:427509263767:fargateprofile/hr-dev-eksdemo/hr-dev-fp-app1/48c872b6-012a-2dbc-0aa3-6fbacbda7816",
      "type": "string"
    },
    "fargate_profile_id": {
      "value": "hr-dev-eksdemo:hr-dev-fp-app1",
      "type": "string"
    },
    "fargate_profile_status": {
      "value": "ACTIVE",
      "type": "string"
    }
  },
  "resources": [
    {
      "mode": "data",
      "type": "aws_eks_cluster",
      "name": "cluster",
      "provider": "provider[\"registry.terraform.io/hashicorp/aws\"]",
      "instances": [
        {
          "schema_version": 0,
          "attributes": {
            "access_config": [
              {
                "authentication_mode": "CONFIG_MAP",
                "bootstrap_cluster_creator_admin_permissions": true
              }
            ],
            "arn": "arn:aws:eks:us-east-1:427509263767:cluster/hr-dev-eksdemo",
            "certificate_authority": [
              {
                "data": "LS0tLS1CRUdJTiBDRVJUSUZJQ0FURS0tLS0tCk1JSURCVENDQWUyZ0F3SUJBZ0lJRStsYVY0QVZPQ1l3RFFZSktvWklodmNOQVFFTEJRQXdGVEVUTUJFR0ExVUUKQXhNS2EzVmlaWEp1WlhSbGN6QWVGdzB5TkRBMk1qRXlNRFU0TXpaYUZ3MHpOREEyTVRreU1UQXpNelphTUJVeApFekFSQmdOVkJBTVRDbXQxWW1WeWJtVjBaWE13Z2dFaU1BMEdDU3FHU0liM0RRRUJBUVVBQTRJQkR3QXdnZ0VLCkFvSUJBUURTRCtveXdWM0JlcC9rN0h4bjFqZi9qK3VxSDJqSjFybVRQVUU0YUdqUUpSeUoxUkNwZ3gwakRZdlIKajlHczdGT2JnRlpDS2xKaVRnWHRmUzNHS3J3OVhZWEZCYmdHYjJsYmM4ZWNHUlg3TllDQ1FzbCtwdGJEQll6YwpQYjJ6T3ZiclhSUFk0OEgrQTB4QWluNGtlYUlhUnVETmdPL2srSjZIVXdURDJtUlZMeW13K2s0ODQ3THlxcHE4CjlrbkUxZlpCc2orUzNlb0RzZVl6RXJxellMUmhXc3ozUjZyL3JPNEx3andFWTVQYWVGSjlEa29OVmJEMGlZT2wKc2dZdTQrTEEyU3pNN1ZCcmxBMHN0NFFzT0xaS1JqZXNqSWJMNHNtbVRDZDQ1cXhOc0xmaVM4SG5OUUJ4RjZPaQpycUUzQXplcnlBRmM3a0Q3OHZ1SWJlSXBVRnZuQWdNQkFBR2pXVEJYTUE0R0ExVWREd0VCL3dRRUF3SUNwREFQCkJnTlZIUk1CQWY4RUJUQURBUUgvTUIwR0ExVWREZ1FXQkJSTE93SDArWW9yWGNVWGQ4RVhscysxbW1PTGh6QVYKQmdOVkhSRUVEakFNZ2dwcmRXSmxjbTVsZEdWek1BMEdDU3FHU0liM0RRRUJDd1VBQTRJQkFRQm1yc05YZG1uMgpqaWJReERtaWRoWEc4Y1lBb3A1K0hobDJsS0RKOGZKRmpuVXNpNWtTbG1WK00rK29GeDFYT3N4R3k3ZmVPaTl4CnJESXV6TVo2c01Za0ltWDFhaXdwTEV5Z0ZvZUZBZzByMEhrYWdtQ29iMDg4bmpTUE4vbTVvRUl5Qks5K3FLZWsKRHdZQnFFLzd3YWV6bU9hbkhrY25ZMmFvQ3FMRkVTZjVEaWwydlM3ck1iYmVQRlMwVitpUFdBMENZZEhKUFViVwpnSnR0SlZyeUNSUFJjSzBzRUwzUUFjaWsrTFRqNURPRlplMEFjK0xaQ1FYd0tPZXc1ZGw4OW1nQ3BUNDUzSmc4CjI5ellDQWVKdzhuMjB6ME5wbHBCRndBaEl0cEZaTlJJQllITnV2OXNtNTBneHRndit4R3RLaVRvb2JBL3dOVGIKT0V2TzkyOVlFbVg5Ci0tLS0tRU5EIENFUlRJRklDQVRFLS0tLS0K"
              }
            ],
            "cluster_id": null,
            "created_at": "2024-06-21 20:58:20.351 +0000 UTC",
            "enabled_cluster_log_types": [
              "api",
              "audit",
              "authenticator",
              "controllerManager",
              "scheduler"
            ],
            "endpoint": "https://B1FDBE56A13AEF4F829D33711DAEAFF4.gr7.us-east-1.eks.amazonaws.com",
            "id": "hr-dev-eksdemo",
            "identity": [
              {
                "oidc": [
                  {
                    "issuer": "https://oidc.eks.us-east-1.amazonaws.com/id/B1FDBE56A13AEF4F829D33711DAEAFF4"
                  }
                ]
              }
            ],
            "kubernetes_network_config": [
              {
                "ip_family": "ipv4",
                "service_ipv4_cidr": "172.20.0.0/16",
                "service_ipv6_cidr": ""
              }
            ],
            "name": "hr-dev-eksdemo",
            "outpost_config": [],
            "platform_version": "eks.13",
            "role_arn": "arn:aws:iam::427509263767:role/hr-dev-eks-master-role",
            "status": "ACTIVE",
            "tags": {},
            "version": "1.28",
            "vpc_config": [
              {
                "cluster_security_group_id": "sg-073505697acddadb2",
                "endpoint_private_access": false,
                "endpoint_public_access": true,
                "public_access_cidrs": [
                  "0.0.0.0/0"
                ],
                "security_group_ids": [],
                "subnet_ids": [
                  "subnet-085f1d450eba702b4",
                  "subnet-0a5165d88577a9b17"
                ],
                "vpc_id": "vpc-0ae710b1f3d68a191"
              }
            ]
          },
          "sensitive_attributes": []
        }
      ]
    },
    {
      "mode": "data",
      "type": "aws_eks_cluster_auth",
      "name": "cluster",
      "provider": "provider[\"registry.terraform.io/hashicorp/aws\"]",
      "instances": [
        {
          "schema_version": 0,
          "attributes": {
            "id": "hr-dev-eksdemo",
            "name": "hr-dev-eksdemo",
            "token": "k8s-aws-v1.aHR0cHM6Ly9zdHMudXMtZWFzdC0xLmFtYXpvbmF3cy5jb20vP0FjdGlvbj1HZXRDYWxsZXJJZGVudGl0eSZWZXJzaW9uPTIwMTEtMDYtMTUmWC1BbXotQWxnb3JpdGhtPUFXUzQtSE1BQy1TSEEyNTYmWC1BbXotQ3JlZGVudGlhbD1BU0lBV0hDTUpWV0xYMklKWkJJSSUyRjIwMjQwNzI0JTJGdXMtZWFzdC0xJTJGc3RzJTJGYXdzNF9yZXF1ZXN0JlgtQW16LURhdGU9MjAyNDA3MjRUMTU0NjA0WiZYLUFtei1FeHBpcmVzPTAmWC1BbXotU2VjdXJpdHktVG9rZW49RndvR1pYSXZZWGR6RU9IJTJGJTJGJTJGJTJGJTJGJTJGJTJGJTJGJTJGJTJGd0VhREJTTEI2QXFXNUZwaHZqYThDTHRBWWV2NE0zS0VwRyUyRkk4RzdRQ1dBYTJacW13diUyQnl3VHJ1RTZUcVZlWnJpRmhzRWVvY1hPbmhWRHRNMTI5NGJwR1V3R09ySHdkbTk5JTJGdEg4QVhmTGxUTDdqOSUyRkl1SkpQbXhuVTR5Z2xGcVR5TXFDNUpMVkxNVDBVNjBLZElYSjZodTBBSFMlMkZIUGolMkJBMkFwQUYyNDFaaFoyZ2ZBMFE4UWtRRUNIWjh3cXlhcmVNNmYyMDdnZ2ZBSlJBc1BWWFFBRXh1Y3BYRHpDNkxyVWRnJTJCdUl5Q0hDOEhVaWhPcDFRRGtUVnE4OExkVFNNOHRRQlRrUEVjWWdYUmFyUE1jSzYwaHJwUGpkS1I4ZlBuSyUyQmlWZkFxSW9WUzJHWjBIcW5aZnpFbG5oM08yeCUyRkVSNzRra0cwZzJkNjBEYkUzTiUyRm1QU2oyd1lTMUJqSkJ5S0V1Zk9ZNXo1cXpyZjJUc1BCSTg0SW9XWjFtblUzeFlHMURYQnduRzN3b2ZPVjBibCUyRkp1JTJCT2JlTm5sNWNRUiUyRkhQTWtLODVYTWpTbDlWJTJCTjlWZldyTSUzRCZYLUFtei1TaWduZWRIZWFkZXJzPWhvc3QlM0J4LWs4cy1hd3MtaWQmWC1BbXotU2lnbmF0dXJlPWJmYTA2YjVjODFmMzUxZTk3YmYwYzUxMTY0ZWRmZjY2MWZjMTNjMGNjODQ2MWM4MTdkYTlmNzBmNjdlMWQwN2E"
          },
          "sensitive_attributes": [
            [
              {
                "type": "get_attr",
                "value": "token"
              }
            ]
          ]
        }
      ]
    },
    {
      "mode": "data",
      "type": "terraform_remote_state",
      "name": "eks",
      "provider": "provider[\"terraform.io/builtin/terraform\"]",
      "instances": [
        {
          "schema_version": 0,
          "attributes": {
            "backend": "s3",
            "config": {
              "value": {
                "bucket": "terraform-on-aws-eks-shubhams",
                "key": "dev/eks-cluster/terraform.tfstate",
                "region": "us-east-1"
              },
              "type": [
                "object",
                {
                  "bucket": "string",
                  "key": "string",
                  "region": "string"
                }
              ]
            },
            "defaults": null,
            "outputs": {
              "value": {
                "aws_iam_openid_connect_provider_arn": "arn:aws:iam::427509263767:oidc-provider/oidc.eks.us-east-1.amazonaws.com/id/B1FDBE56A13AEF4F829D33711DAEAFF4",
                "aws_iam_openid_connect_provider_extract_from_arn": "oidc.eks.us-east-1.amazonaws.com/id/B1FDBE56A13AEF4F829D33711DAEAFF4",
                "azs": [
                  "us-east-1a",
                  "us-east-1b",
                  "us-east-1c",
                  "us-east-1d",
                  "us-east-1e",
                  "us-east-1f"
                ],
                "cluster_arn": "arn:aws:eks:us-east-1:427509263767:cluster/hr-dev-eksdemo",
                "cluster_certificate_authority_data": "LS0tLS1CRUdJTiBDRVJUSUZJQ0FURS0tLS0tCk1JSURCVENDQWUyZ0F3SUJBZ0lJRStsYVY0QVZPQ1l3RFFZSktvWklodmNOQVFFTEJRQXdGVEVUTUJFR0ExVUUKQXhNS2EzVmlaWEp1WlhSbGN6QWVGdzB5TkRBMk1qRXlNRFU0TXpaYUZ3MHpOREEyTVRreU1UQXpNelphTUJVeApFekFSQmdOVkJBTVRDbXQxWW1WeWJtVjBaWE13Z2dFaU1BMEdDU3FHU0liM0RRRUJBUVVBQTRJQkR3QXdnZ0VLCkFvSUJBUURTRCtveXdWM0JlcC9rN0h4bjFqZi9qK3VxSDJqSjFybVRQVUU0YUdqUUpSeUoxUkNwZ3gwakRZdlIKajlHczdGT2JnRlpDS2xKaVRnWHRmUzNHS3J3OVhZWEZCYmdHYjJsYmM4ZWNHUlg3TllDQ1FzbCtwdGJEQll6YwpQYjJ6T3ZiclhSUFk0OEgrQTB4QWluNGtlYUlhUnVETmdPL2srSjZIVXdURDJtUlZMeW13K2s0ODQ3THlxcHE4CjlrbkUxZlpCc2orUzNlb0RzZVl6RXJxellMUmhXc3ozUjZyL3JPNEx3andFWTVQYWVGSjlEa29OVmJEMGlZT2wKc2dZdTQrTEEyU3pNN1ZCcmxBMHN0NFFzT0xaS1JqZXNqSWJMNHNtbVRDZDQ1cXhOc0xmaVM4SG5OUUJ4RjZPaQpycUUzQXplcnlBRmM3a0Q3OHZ1SWJlSXBVRnZuQWdNQkFBR2pXVEJYTUE0R0ExVWREd0VCL3dRRUF3SUNwREFQCkJnTlZIUk1CQWY4RUJUQURBUUgvTUIwR0ExVWREZ1FXQkJSTE93SDArWW9yWGNVWGQ4RVhscysxbW1PTGh6QVYKQmdOVkhSRUVEakFNZ2dwcmRXSmxjbTVsZEdWek1BMEdDU3FHU0liM0RRRUJDd1VBQTRJQkFRQm1yc05YZG1uMgpqaWJReERtaWRoWEc4Y1lBb3A1K0hobDJsS0RKOGZKRmpuVXNpNWtTbG1WK00rK29GeDFYT3N4R3k3ZmVPaTl4CnJESXV6TVo2c01Za0ltWDFhaXdwTEV5Z0ZvZUZBZzByMEhrYWdtQ29iMDg4bmpTUE4vbTVvRUl5Qks5K3FLZWsKRHdZQnFFLzd3YWV6bU9hbkhrY25ZMmFvQ3FMRkVTZjVEaWwydlM3ck1iYmVQRlMwVitpUFdBMENZZEhKUFViVwpnSnR0SlZyeUNSUFJjSzBzRUwzUUFjaWsrTFRqNURPRlplMEFjK0xaQ1FYd0tPZXc1ZGw4OW1nQ3BUNDUzSmc4CjI5ellDQWVKdzhuMjB6ME5wbHBCRndBaEl0cEZaTlJJQllITnV2OXNtNTBneHRndit4R3RLaVRvb2JBL3dOVGIKT0V2TzkyOVlFbVg5Ci0tLS0tRU5EIENFUlRJRklDQVRFLS0tLS0K",
                "cluster_endpoint": "https://B1FDBE56A13AEF4F829D33711DAEAFF4.gr7.us-east-1.eks.amazonaws.com",
                "cluster_iam_role_arn": "arn:aws:iam::427509263767:role/hr-dev-eks-master-role",
                "cluster_iam_role_name": "hr-dev-eks-master-role",
                "cluster_id": "hr-dev-eksdemo",
                "cluster_oidc_issuer_url": "https://oidc.eks.us-east-1.amazonaws.com/id/B1FDBE56A13AEF4F829D33711DAEAFF4",
                "cluster_primary_security_group_id": "sg-073505697acddadb2",
                "cluster_security_group_id": [
                  []
                ],
                "cluster_version": "1.28",
                "nat_public_ips": [
                  "3.230.191.24"
                ],
                "node_group_private_arn": "arn:aws:eks:us-east-1:427509263767:nodegroup/hr-dev-eksdemo/hr-dev-eks-ng-private/5ac81e50-3eaf-83dc-5ad8-4f9d67a4be71",
                "node_group_private_id": "hr-dev-eksdemo:hr-dev-eks-ng-private",
                "node_group_private_status": "ACTIVE",
                "node_group_private_version": "1.28",
                "private_subnets": [
                  "subnet-094094490f6ed601c",
                  "subnet-0774cc097a287d056"
                ],
                "public_subnets": [
                  "subnet-085f1d450eba702b4",
                  "subnet-0a5165d88577a9b17"
                ],
                "vpc_cidr_block": "10.0.0.0/16",
                "vpc_id": "vpc-0ae710b1f3d68a191"
              },
              "type": [
                "object",
                {
                  "aws_iam_openid_connect_provider_arn": "string",
                  "aws_iam_openid_connect_provider_extract_from_arn": "string",
                  "azs": [
                    "list",
                    "string"
                  ],
                  "cluster_arn": "string",
                  "cluster_certificate_authority_data": "string",
                  "cluster_endpoint": "string",
                  "cluster_iam_role_arn": "string",
                  "cluster_iam_role_name": "string",
                  "cluster_id": "string",
                  "cluster_oidc_issuer_url": "string",
                  "cluster_primary_security_group_id": "string",
                  "cluster_security_group_id": [
                    "tuple",
                    [
                      [
                        "set",
                        "string"
                      ]
                    ]
                  ],
                  "cluster_version": "string",
                  "nat_public_ips": [
                    "list",
                    "string"
                  ],
                  "node_group_private_arn": "string",
                  "node_group_private_id": "string",
                  "node_group_private_status": "string",
                  "node_group_private_version": "string",
                  "private_subnets": [
                    "tuple",
                    [
                      "string",
                      "string"
                    ]
                  ],
                  "public_subnets": [
                    "tuple",
                    [
                      "string",
                      "string"
                    ]
                  ],
                  "vpc_cidr_block": "string",
                  "vpc_id": "string"
                }
              ]
            },
            "workspace": null
          },
          "sensitive_attributes": []
        }
      ]
    },
    {
      "mode": "managed",
      "type": "aws_eks_fargate_profile",
      "name": "fargate_profile",
      "provider": "provider[\"registry.terraform.io/hashicorp/aws\"]",
      "instances": [
        {
          "schema_version": 0,
          "attributes": {
            "arn": "arn:aws:eks:us-east-1:427509263767:fargateprofile/hr-dev-eksdemo/hr-dev-fp-app1/48c872b6-012a-2dbc-0aa3-6fbacbda7816",
            "cluster_name": "hr-dev-eksdemo",
            "fargate_profile_name": "hr-dev-fp-app1",
            "id": "hr-dev-eksdemo:hr-dev-fp-app1",
            "pod_execution_role_arn": "arn:aws:iam::427509263767:role/hr-dev-eks-fargate-profile-role-apps",
            "selector": [
              {
                "labels": null,
                "namespace": "fp-ns-app1"
              }
            ],
            "status": "ACTIVE",
            "subnet_ids": [
              "subnet-0774cc097a287d056",
              "subnet-094094490f6ed601c"
            ],
            "tags": null,
            "tags_all": {},
            "timeouts": null
          },
          "sensitive_attributes": [],
          "private": "eyJlMmJmYjczMC1lY2FhLTExZTYtOGY4OC0zNDM2M2JjN2M0YzAiOnsiY3JlYXRlIjo2MDAwMDAwMDAwMDAsImRlbGV0ZSI6NjAwMDAwMDAwMDAwfX0=",
          "dependencies": [
            "aws_iam_role.fargate_profile_role",
            "data.terraform_remote_state.eks"
          ]
        }
      ]
    },
    {
      "mode": "managed",
      "type": "aws_iam_role",
      "name": "fargate_profile_role",
      "provider": "provider[\"registry.terraform.io/hashicorp/aws\"]",
      "instances": [
        {
          "schema_version": 0,
          "attributes": {
            "arn": "arn:aws:iam::427509263767:role/hr-dev-eks-fargate-profile-role-apps",
            "assume_role_policy": "{\"Statement\":[{\"Action\":\"sts:AssumeRole\",\"Effect\":\"Allow\",\"Principal\":{\"Service\":\"eks-fargate-pods.amazonaws.com\"}}],\"Version\":\"2012-10-17\"}",
            "create_date": "2024-07-24T15:46:09Z",
            "description": "",
            "force_detach_policies": false,
            "id": "hr-dev-eks-fargate-profile-role-apps",
            "inline_policy": [],
            "managed_policy_arns": [],
            "max_session_duration": 3600,
            "name": "hr-dev-eks-fargate-profile-role-apps",
            "name_prefix": "",
            "path": "/",
            "permissions_boundary": "",
            "tags": null,
            "tags_all": {},
            "unique_id": "AROAWHCMJVWLVQTV5DTVC"
          },
          "sensitive_attributes": [],
          "private": "bnVsbA=="
        }
      ]
    },
    {
      "mode": "managed",
      "type": "aws_iam_role_policy_attachment",
      "name": "eks_fargate_pod_execution_role_policy",
      "provider": "provider[\"registry.terraform.io/hashicorp/aws\"]",
      "instances": [
        {
          "schema_version": 0,
          "attributes": {
            "id": "hr-dev-eks-fargate-profile-role-apps-20240724154609451000000002",
            "policy_arn": "arn:aws:iam::aws:policy/AmazonEKSFargatePodExecutionRolePolicy",
            "role": "hr-dev-eks-fargate-profile-role-apps"
          },
          "sensitive_attributes": [],
          "private": "bnVsbA==",
          "dependencies": [
            "aws_iam_role.fargate_profile_role"
          ]
        }
      ]
    }
  ],
  "check_results": null
}
